
Microsoft Visual Studio Solution File, Format Version 12.00
# Visual Studio 15
Project("{FAE04EC0-301F-11D3-BF4B-00C04F79EFBC}") = "MichealOgundero", "MichealOgundero.csproj", "{6FD6B5DF-2324-490F-8576-83A22FF990C1}"
EndProject
Global
	GlobalSection(SolutionConfigurationPlatforms) = preSolution
		Debug|Any CPU = Debug|Any CPU
		Release|Any CPU = Release|Any CPU
	EndGlobalSection
	GlobalSection(ProjectConfigurationPlatforms) = postSolution
		{6FD6B5DF-2324-490F-8576-83A22FF990C1}.Debug|Any CPU.ActiveCfg = Debug|Any CPU
		{6FD6B5DF-2324-490F-8576-83A22FF990C1}.Debug|Any CPU.Build.0 = Debug|Any CPU
		{6FD6B5DF-2324-490F-8576-83A22FF990C1}.Release|Any CPU.ActiveCfg = Release|Any CPU
		{6FD6B5DF-2324-490F-8576-83A22FF990C1}.Release|Any CPU.Build.0 = Release|Any CPU
	EndGlobalSection
EndGlobal
